
Microsoft Visual Studio Solution File, Format Version 12.00
# Visual Studio Version 17
VisualStudioVersion = 17.6.33815.320
MinimumVisualStudioVersion = 10.0.40219.1
Project("{FAE04EC0-301F-11D3-BF4B-00C04F79EFBC}") = "HyPlayer.Controls.WinUI", "HyPlayer.Controls\HyPlayer.Controls.WinUI.csproj", "{EB35F85B-29A2-4128-A4FD-D811733A16A2}"
EndProject
Global
	GlobalSection(SolutionConfigurationPlatforms) = preSolution
		Debug|Any CPU = Debug|Any CPU
		Debug|ARM = Debug|ARM
		Debug|ARM64 = Debug|ARM64
		Debug|x64 = Debug|x64
		Debug|x86 = Debug|x86
		Release|Any CPU = Release|Any CPU
		Release|ARM = Release|ARM
		Release|ARM64 = Release|ARM64
		Release|x64 = Release|x64
		Release|x86 = Release|x86
	EndGlobalSection
	GlobalSection(ProjectConfigurationPlatforms) = postSolution
		{EB35F85B-29A2-4128-A4FD-D811733A16A2}.Debug|Any CPU.ActiveCfg = Debug|Any CPU
		{EB35F85B-29A2-4128-A4FD-D811733A16A2}.Debug|Any CPU.Build.0 = Debug|Any CPU
		{EB35F85B-29A2-4128-A4FD-D811733A16A2}.Debug|ARM.ActiveCfg = Debug|Any CPU
		{EB35F85B-29A2-4128-A4FD-D811733A16A2}.Debug|ARM.Build.0 = Debug|Any CPU
		{EB35F85B-29A2-4128-A4FD-D811733A16A2}.Debug|ARM64.ActiveCfg = Debug|Any CPU
		{EB35F85B-29A2-4128-A4FD-D811733A16A2}.Debug|ARM64.Build.0 = Debug|Any CPU
		{EB35F85B-29A2-4128-A4FD-D811733A16A2}.Debug|x64.ActiveCfg = Debug|Any CPU
		{EB35F85B-29A2-4128-A4FD-D811733A16A2}.Debug|x64.Build.0 = Debug|Any CPU
		{EB35F85B-29A2-4128-A4FD-D811733A16A2}.Debug|x86.ActiveCfg = Debug|Any CPU
		{EB35F85B-29A2-4128-A4FD-D811733A16A2}.Debug|x86.Build.0 = Debug|Any CPU
		{EB35F85B-29A2-4128-A4FD-D811733A16A2}.Release|Any CPU.ActiveCfg = Release|Any CPU
		{EB35F85B-29A2-4128-A4FD-D811733A16A2}.Release|Any CPU.Build.0 = Release|Any CPU
		{EB35F85B-29A2-4128-A4FD-D811733A16A2}.Release|ARM.ActiveCfg = Release|Any CPU
		{EB35F85B-29A2-4128-A4FD-D811733A16A2}.Release|ARM.Build.0 = Release|Any CPU
		{EB35F85B-29A2-4128-A4FD-D811733A16A2}.Release|ARM64.ActiveCfg = Release|Any CPU
		{EB35F85B-29A2-4128-A4FD-D811733A16A2}.Release|ARM64.Build.0 = Release|Any CPU
		{EB35F85B-29A2-4128-A4FD-D811733A16A2}.Release|x64.ActiveCfg = Release|Any CPU
		{EB35F85B-29A2-4128-A4FD-D811733A16A2}.Release|x64.Build.0 = Release|Any CPU
		{EB35F85B-29A2-4128-A4FD-D811733A16A2}.Release|x86.ActiveCfg = Release|Any CPU
		{EB35F85B-29A2-4128-A4FD-D811733A16A2}.Release|x86.Build.0 = Release|Any CPU
	EndGlobalSection
	GlobalSection(SolutionProperties) = preSolution
		HideSolutionNode = FALSE
	EndGlobalSection
	GlobalSection(ExtensibilityGlobals) = postSolution
		SolutionGuid = {5B55F47F-2CB0-48B6-8256-0ECBD695AC5E}
	EndGlobalSection
EndGlobal
